
Microsoft Visual Studio Solution File, Format Version 12.00
# Visual Studio Version 17
VisualStudioVersion = 17.7.34031.279
MinimumVisualStudioVersion = 10.0.40219.1
Project("{8BC9CEB8-8B4A-11D0-8D11-00A0C91BC942}") = "LAB_10.4", "LAB_10.4\LAB_10.4.vcxproj", "{F6D9D62E-2EB1-4795-8566-7DEC8AC1CD53}"
EndProject
Project("{8BC9CEB8-8B4A-11D0-8D11-00A0C91BC942}") = "UnitTest1", "UnitTest1\UnitTest1.vcxproj", "{3C0CAB7B-EA4F-4BFE-8FBE-3353F1DD6518}"
EndProject
Global
	GlobalSection(SolutionConfigurationPlatforms) = preSolution
		Debug|x64 = Debug|x64
		Debug|x86 = Debug|x86
		Release|x64 = Release|x64
		Release|x86 = Release|x86
	EndGlobalSection
	GlobalSection(ProjectConfigurationPlatforms) = postSolution
		{F6D9D62E-2EB1-4795-8566-7DEC8AC1CD53}.Debug|x64.ActiveCfg = Debug|x64
		{F6D9D62E-2EB1-4795-8566-7DEC8AC1CD53}.Debug|x64.Build.0 = Debug|x64
		{F6D9D62E-2EB1-4795-8566-7DEC8AC1CD53}.Debug|x86.ActiveCfg = Debug|Win32
		{F6D9D62E-2EB1-4795-8566-7DEC8AC1CD53}.Debug|x86.Build.0 = Debug|Win32
		{F6D9D62E-2EB1-4795-8566-7DEC8AC1CD53}.Release|x64.ActiveCfg = Release|x64
		{F6D9D62E-2EB1-4795-8566-7DEC8AC1CD53}.Release|x64.Build.0 = Release|x64
		{F6D9D62E-2EB1-4795-8566-7DEC8AC1CD53}.Release|x86.ActiveCfg = Release|Win32
		{F6D9D62E-2EB1-4795-8566-7DEC8AC1CD53}.Release|x86.Build.0 = Release|Win32
		{3C0CAB7B-EA4F-4BFE-8FBE-3353F1DD6518}.Debug|x64.ActiveCfg = Debug|x64
		{3C0CAB7B-EA4F-4BFE-8FBE-3353F1DD6518}.Debug|x64.Build.0 = Debug|x64
		{3C0CAB7B-EA4F-4BFE-8FBE-3353F1DD6518}.Debug|x86.ActiveCfg = Debug|Win32
		{3C0CAB7B-EA4F-4BFE-8FBE-3353F1DD6518}.Debug|x86.Build.0 = Debug|Win32
		{3C0CAB7B-EA4F-4BFE-8FBE-3353F1DD6518}.Release|x64.ActiveCfg = Release|x64
		{3C0CAB7B-EA4F-4BFE-8FBE-3353F1DD6518}.Release|x64.Build.0 = Release|x64
		{3C0CAB7B-EA4F-4BFE-8FBE-3353F1DD6518}.Release|x86.ActiveCfg = Release|Win32
		{3C0CAB7B-EA4F-4BFE-8FBE-3353F1DD6518}.Release|x86.Build.0 = Release|Win32
	EndGlobalSection
	GlobalSection(SolutionProperties) = preSolution
		HideSolutionNode = FALSE
	EndGlobalSection
	GlobalSection(ExtensibilityGlobals) = postSolution
		SolutionGuid = {BA25AD31-6424-49A9-8217-CF57E721969C}
	EndGlobalSection
EndGlobal
